
Microsoft Visual Studio Solution File, Format Version 12.00
# Visual Studio Version 17
VisualStudioVersion = 17.3.32819.101
MinimumVisualStudioVersion = 10.0.40219.1
Project("{FAE04EC0-301F-11D3-BF4B-00C04F79EFBC}") = "projectnorthwindC", "projectnorthwindC.csproj", "{AB6AD85E-8C64-4F03-8F7A-9294A0864E69}"
EndProject
Global
	GlobalSection(SolutionConfigurationPlatforms) = preSolution
		Debug|Any CPU = Debug|Any CPU
		Release|Any CPU = Release|Any CPU
	EndGlobalSection
	GlobalSection(ProjectConfigurationPlatforms) = postSolution
		{AB6AD85E-8C64-4F03-8F7A-9294A0864E69}.Debug|Any CPU.ActiveCfg = Debug|Any CPU
		{AB6AD85E-8C64-4F03-8F7A-9294A0864E69}.Debug|Any CPU.Build.0 = Debug|Any CPU
		{AB6AD85E-8C64-4F03-8F7A-9294A0864E69}.Release|Any CPU.ActiveCfg = Release|Any CPU
		{AB6AD85E-8C64-4F03-8F7A-9294A0864E69}.Release|Any CPU.Build.0 = Release|Any CPU
	EndGlobalSection
	GlobalSection(SolutionProperties) = preSolution
		HideSolutionNode = FALSE
	EndGlobalSection
	GlobalSection(ExtensibilityGlobals) = postSolution
		SolutionGuid = {54161F2F-7367-4DDD-AE41-1A3E7F48EBB6}
	EndGlobalSection
EndGlobal
